
Microsoft Visual Studio Solution File, Format Version 12.00
# Visual Studio Version 17
VisualStudioVersion = 17.14.36623.8 d17.14
MinimumVisualStudioVersion = 10.0.40219.1
Project("{FAE04EC0-301F-11D3-BF4B-00C04F79EFBC}") = "TokenPet", "TokenPet.csproj", "{3D94BEE7-0DF8-471A-93DC-21C9DB861BBD}"
EndProject
Global
	GlobalSection(SolutionConfigurationPlatforms) = preSolution
		Debug|Any CPU = Debug|Any CPU
		Release|Any CPU = Release|Any CPU
	EndGlobalSection
	GlobalSection(ProjectConfigurationPlatforms) = postSolution
		{3D94BEE7-0DF8-471A-93DC-21C9DB861BBD}.Debug|Any CPU.ActiveCfg = Debug|Any CPU
		{3D94BEE7-0DF8-471A-93DC-21C9DB861BBD}.Debug|Any CPU.Build.0 = Debug|Any CPU
		{3D94BEE7-0DF8-471A-93DC-21C9DB861BBD}.Release|Any CPU.ActiveCfg = Release|Any CPU
		{3D94BEE7-0DF8-471A-93DC-21C9DB861BBD}.Release|Any CPU.Build.0 = Release|Any CPU
	EndGlobalSection
	GlobalSection(SolutionProperties) = preSolution
		HideSolutionNode = FALSE
	EndGlobalSection
	GlobalSection(ExtensibilityGlobals) = postSolution
		SolutionGuid = {730C5687-7F74-4A56-84B5-A3BB95526896}
	EndGlobalSection
EndGlobal
